
Microsoft Visual Studio Solution File, Format Version 12.00
# Visual Studio Version 17
VisualStudioVersion = 17.5.002.0
MinimumVisualStudioVersion = 10.0.40219.1
Project("{9A19103F-16F7-4668-BE54-9A1E7A4F7556}") = "GelosLogInProject", "GelosLogInProject.csproj", "{20BF2407-9E82-4B73-8DA3-51BFABC483F0}"
EndProject
Global
	GlobalSection(SolutionConfigurationPlatforms) = preSolution
		Debug|Any CPU = Debug|Any CPU
		Release|Any CPU = Release|Any CPU
	EndGlobalSection
	GlobalSection(ProjectConfigurationPlatforms) = postSolution
		{20BF2407-9E82-4B73-8DA3-51BFABC483F0}.Debug|Any CPU.ActiveCfg = Debug|Any CPU
		{20BF2407-9E82-4B73-8DA3-51BFABC483F0}.Debug|Any CPU.Build.0 = Debug|Any CPU
		{20BF2407-9E82-4B73-8DA3-51BFABC483F0}.Release|Any CPU.ActiveCfg = Release|Any CPU
		{20BF2407-9E82-4B73-8DA3-51BFABC483F0}.Release|Any CPU.Build.0 = Release|Any CPU
	EndGlobalSection
	GlobalSection(SolutionProperties) = preSolution
		HideSolutionNode = FALSE
	EndGlobalSection
	GlobalSection(ExtensibilityGlobals) = postSolution
		SolutionGuid = {75FF911B-561C-49A8-A73A-C153D11160F5}
	EndGlobalSection
EndGlobal
